#MicroXplorer Configuration settings - do not modify
Mcu.Family=STM32F0
ProjectManager.MainLocation=Src
RCC.MCOFreq_Value=48000000
PB13.GPIOParameters=GPIO_PuPd,GPIO_Label,GPIO_ModeDefaultEXTI
RCC.USART1Freq_Value=48000000
Dma.USART3_RX.0.PeriphInc=DMA_PINC_DISABLE
PB13.Stacked=true
ProjectManager.KeepUserCode=true
Mcu.UserName=STM32F072CBUx
PB10.Mode=Asynchronous
PA10.GPIO_PuPd=GPIO_PULLUP
USART1.BaudRate=57600
RCC.PLLCLKFreq_Value=48000000
PB14.GPIO_Label=RX_EN
ProjectManager.functionlistsort=1-MX_GPIO_Init-GPIO-false-HAL-true,2-MX_DMA_Init-DMA-false-HAL-true,3-SystemClock_Config-RCC-false-HAL-false,4-MX_USART1_UART_Init-USART1-false-LL-true,5-MX_USART3_UART_Init-USART3-false-HAL-true,6-MX_RTC_Init-RTC-false-HAL-true
PA9.GPIOParameters=GPIO_PuPd,GPIO_Label
VP_RTC_VS_RTC_Activate.Mode=RTC_Enabled
PA3.GPIOParameters=GPIO_Label
PA6.GPIO_Label=COM_LVL_UP
PB0.GPIO_Label=DEBUG1
RCC.USART2Freq_Value=48000000
NVIC.SVC_IRQn=true\:0\:0\:false\:false\:true\:false\:false
USART1.IPParameters=VirtualMode-Asynchronous,BaudRate
PB13.GPIO_Label=PTPB
PB11.Signal=USART3_RX
PB13.Signal=SharedStack_PB13
PB15.Signal=GPIO_Output
PA5.PinState=GPIO_PIN_RESET
PA2.GPIOParameters=GPIO_Label
PinOutPanel.RotationAngle=0
RCC.SYSCLKSource=RCC_SYSCLKSOURCE_PLLCLK
ProjectManager.StackSize=0x400
USART3.VirtualMode-Asynchronous=VM_ASYNC
Mcu.IP4=SYS
RCC.FCLKCortexFreq_Value=48000000
Mcu.IP5=USART1
Mcu.IP2=RCC
SH.SharedStack_PB13.0=GPIO_Output+0
SH.SharedStack_PA8.ConfNb=2
Mcu.IP3=RTC
SH.SharedStack_PB13.1=GPIO_EXTI13
PB4.GPIOParameters=GPIO_Label
Mcu.IP0=DMA
Mcu.IP1=NVIC
USART3.BaudRate=1000000
Mcu.UserConstants=
Mcu.ThirdPartyNb=0
NVIC.USART3_4_IRQn=true\:2\:0\:true\:false\:true\:true\:true
RCC.HCLKFreq_Value=48000000
Mcu.IPNb=7
ProjectManager.PreviousToolchain=SW4STM32
PA8.GPIOParameters=GPIO_PuPd,GPIO_Label,GPIO_ModeDefaultEXTI
Mcu.Pin6=PB1
Mcu.Pin7=PB10
Mcu.Pin8=PB11
Mcu.Pin9=PB13
RCC.AHBFreq_Value=48000000
PB13.Locked=true
Mcu.Pin0=PA1
Mcu.Pin1=PA2
Mcu.Pin2=PA3
Mcu.Pin3=PA5
Mcu.Pin4=PA6
Mcu.Pin5=PB0
ProjectManager.ProjectBuild=false
Dma.USART3_RX.0.MemDataAlignment=DMA_MDATAALIGN_BYTE
PA8.Locked=true
NVIC.SysTick_IRQn=true\:3\:0\:true\:false\:true\:false\:true
RCC.PLLMUL=RCC_PLL_MUL6
ProjectManager.FirmwarePackage=STM32Cube FW_F0 V1.9.0
MxDb.Version=DB.5.0.10
PB0.GPIOParameters=GPIO_Label
PA6.GPIO_PuPd=GPIO_PULLDOWN
PA1.GPIOParameters=GPIO_Label
ProjectManager.BackupPrevious=false
PA5.GPIO_PuPd=GPIO_PULLUP
PB1.GPIO_Label=DXL_DIR
File.Version=6
PA10.GPIO_Label=COM_RX
Dma.USART3_RX.0.PeriphDataAlignment=DMA_PDATAALIGN_BYTE
PA8.Signal=SharedStack_PA8
NVIC.PendSV_IRQn=true\:0\:0\:false\:false\:true\:false\:false
Dma.RequestsNb=1
ProjectManager.HalAssertFull=false
PB0.Locked=true
ProjectManager.ProjectName=Dxl
RCC.PLLMCOFreq_Value=48000000
Dma.USART3_RX.0.Direction=DMA_PERIPH_TO_MEMORY
Mcu.Package=UFQFPN48
PB1.Signal=GPIO_Output
PA6.Signal=GPIO_Output
PA5.Locked=true
PA8.GPIO_ModeDefaultEXTI=GPIO_MODE_IT_FALLING
ProjectManager.ToolChainLocation=
PA2.GPIO_Label=POWER_SENSOR
VP_SYS_VS_Systick.Signal=SYS_VS_Systick
USART3.IPParameters=VirtualMode-Asynchronous,BaudRate
PA10.Signal=USART1_RX
PA5.GPIOParameters=PinState,GPIO_PuPd,GPIO_Label
PB14.GPIOParameters=GPIO_Label
Dma.USART3_RX.0.MemInc=DMA_MINC_ENABLE
RCC.CECFreq_Value=32786.88524590164
RCC.APB1TimFreq_Value=48000000
PB10.GPIOParameters=GPIO_Label
SH.SharedStack_PA8.1=GPIO_EXTI8
NVIC.USART1_IRQn=true\:1\:0\:true\:false\:false\:true\:true
SH.SharedStack_PA8.0=GPIO_Output+0
Dma.USART3_RX.0.RequestParameters=Instance,Direction,PeriphInc,MemInc,PeriphDataAlignment,MemDataAlignment,Mode,Priority
Dma.Request0=USART3_RX
ProjectManager.CustomerFirmwarePackage=
NVIC.EXTI4_15_IRQn=true\:0\:0\:false\:false\:true\:true\:true
PB15.Locked=true
PB4.Signal=GPIO_Input
PA3.Signal=GPIO_Output
PA2.Locked=true
VP_RTC_VS_RTC_Activate.Signal=RTC_VS_RTC_Activate
PA6.GPIOParameters=PinState,GPIO_PuPd,GPIO_Label
Dma.USART3_RX.0.Instance=DMA1_Channel6
RCC.I2SFreq_Value=48000000
ProjectManager.ProjectFileName=Dxl.ioc
PA10.Mode=Asynchronous
Mcu.PinsNb=18
ProjectManager.NoMain=false
PA9.GPIO_Label=COM_TX
PB11.GPIO_Label=RX
PA8.Stacked=true
ProjectManager.DefaultFWLocation=true
PA6.PinState=GPIO_PIN_SET
ProjectManager.DeletePrevious=true
PB14.Locked=true
PB10.Locked=true
PA9.GPIO_PuPd=GPIO_PULLUP
PB13.GPIO_ModeDefaultEXTI=GPIO_MODE_IT_FALLING
RCC.FamilyName=M
Dma.USART3_RX.0.Mode=DMA_NORMAL
USART1.VirtualMode-Asynchronous=VM_ASYNC
PA9.Mode=Asynchronous
PA8.GPIO_Label=PTPA
PB11.Mode=Asynchronous
ProjectManager.TargetToolchain=Other Toolchains (GPDSC)
PB10.GPIO_Label=TX
PA9.Signal=USART1_TX
PB11.GPIOParameters=GPIO_Label
ProjectManager.RegisterCallBack=
PA1.Signal=GPIO_Output
PB1.Locked=true
PB10.Signal=USART3_TX
PB14.Signal=GPIO_Output
PA5.Signal=GPIO_Output
board=custom
ProjectManager.LastFirmware=true
PB13.GPIO_PuPd=GPIO_PULLUP
RCC.VCOOutput2Freq_Value=8000000
MxCube.Version=5.1.0
PB4.GPIO_Label=OVERVOLTAGE
NVIC.DMA1_Channel4_5_6_7_IRQn=true\:0\:0\:false\:false\:true\:false\:true
PB15.GPIO_Label=TX_EN
VP_SYS_VS_Systick.Mode=SysTick
PA10.GPIOParameters=GPIO_PuPd,GPIO_Label
PA1.GPIO_Label=DEBUG2
PA9.Locked=true
NVIC.NonMaskableInt_IRQn=true\:0\:0\:false\:false\:true\:false\:false
PB15.GPIOParameters=GPIO_Label
ProjectManager.FreePins=false
RCC.IPParameters=AHBFreq_Value,APB1Freq_Value,APB1TimFreq_Value,CECFreq_Value,FCLKCortexFreq_Value,FamilyName,HCLKFreq_Value,HSICECFreq_Value,I2SFreq_Value,MCOFreq_Value,PLLCLKFreq_Value,PLLMCOFreq_Value,PLLMUL,SYSCLKFreq_VALUE,SYSCLKSource,TimSysFreq_Value,USART1Freq_Value,USART2Freq_Value,VCOOutput2Freq_Value
ProjectManager.AskForMigrate=false
Mcu.Name=STM32F072C(8-B)Ux
PA2.Signal=ADC_IN2
ProjectManager.UnderRoot=false
RCC.HSICECFreq_Value=32786.88524590164
Mcu.IP6=USART3
ProjectManager.CoupleFile=true
PB4.Locked=true
RCC.SYSCLKFreq_VALUE=48000000
Dma.USART3_RX.0.Priority=DMA_PRIORITY_LOW
RCC.TimSysFreq_Value=48000000
PA1.Locked=true
PA3.Locked=true
PA5.GPIO_Label=COM_LVL_DOWN
PA10.Locked=true
NVIC.ForceEnableDMAVector=true
KeepUserPlacement=false
SH.SharedStack_PB13.ConfNb=2
ProjectManager.CompilerOptimize=3
ProjectManager.HeapSize=0x200
Mcu.Pin15=PB4
NVIC.HardFault_IRQn=true\:0\:0\:false\:false\:true\:false\:false
Mcu.Pin16=VP_RTC_VS_RTC_Activate
Mcu.Pin13=PA9
Mcu.Pin14=PA10
ProjectManager.ComputerToolchain=false
Mcu.Pin17=VP_SYS_VS_Systick
PA8.GPIO_PuPd=GPIO_PULLUP
Mcu.Pin11=PB15
Mcu.Pin12=PA8
Mcu.Pin10=PB14
RCC.APB1Freq_Value=48000000
PB0.Signal=GPIO_Output
PB11.Locked=true
ProjectManager.DeviceId=STM32F072CBUx
ProjectManager.LibraryCopy=1
PA3.GPIO_Label=LED
PB1.GPIOParameters=GPIO_Label
PA6.Locked=true
